
Microsoft Visual Studio Solution File, Format Version 12.00
# Visual Studio Version 17
VisualStudioVersion = 17.0.32014.148
MinimumVisualStudioVersion = 10.0.40219.1
Project("{FAE04EC0-301F-11D3-BF4B-00C04F79EFBC}") = "Weather_Forecast", "Weather_Forecast\Weather_Forecast.csproj", "{E733B510-2758-461B-BB20-43C17042470A}"
EndProject
Project("{FAE04EC0-301F-11D3-BF4B-00C04F79EFBC}") = "Weather_Forecast.Domain", "Weather_Forecast.Domain\Weather_Forecast.Domain.csproj", "{71AE194F-9B98-4656-9BF4-0EAB4A6A6083}"
EndProject
Project("{FAE04EC0-301F-11D3-BF4B-00C04F79EFBC}") = "Weather_Forecast.Repository", "Weather_Forecast.Repository\Weather_Forecast.Repository.csproj", "{77F3F739-3BF6-432B-9FCD-0C7CBFB7B1D6}"
EndProject
Project("{FAE04EC0-301F-11D3-BF4B-00C04F79EFBC}") = "Weather_Forecast.Application", "Weather_Forecast.Application\Weather_Forecast.Application.csproj", "{A0D835AF-7483-49FB-8984-0E87FE09F201}"
EndProject
Project("{FAE04EC0-301F-11D3-BF4B-00C04F79EFBC}") = "Weather_Forecast.Infrastructure", "Weather_Forecast.Infrastructure\Weather_Forecast.Infrastructure.csproj", "{0C759E92-2976-4ABA-BE2A-429FCC2D3206}"
EndProject
Global
	GlobalSection(SolutionConfigurationPlatforms) = preSolution
		Debug|Any CPU = Debug|Any CPU
		Release|Any CPU = Release|Any CPU
	EndGlobalSection
	GlobalSection(ProjectConfigurationPlatforms) = postSolution
		{E733B510-2758-461B-BB20-43C17042470A}.Debug|Any CPU.ActiveCfg = Debug|Any CPU
		{E733B510-2758-461B-BB20-43C17042470A}.Debug|Any CPU.Build.0 = Debug|Any CPU
		{E733B510-2758-461B-BB20-43C17042470A}.Release|Any CPU.ActiveCfg = Release|Any CPU
		{E733B510-2758-461B-BB20-43C17042470A}.Release|Any CPU.Build.0 = Release|Any CPU
		{71AE194F-9B98-4656-9BF4-0EAB4A6A6083}.Debug|Any CPU.ActiveCfg = Debug|Any CPU
		{71AE194F-9B98-4656-9BF4-0EAB4A6A6083}.Debug|Any CPU.Build.0 = Debug|Any CPU
		{71AE194F-9B98-4656-9BF4-0EAB4A6A6083}.Release|Any CPU.ActiveCfg = Release|Any CPU
		{71AE194F-9B98-4656-9BF4-0EAB4A6A6083}.Release|Any CPU.Build.0 = Release|Any CPU
		{77F3F739-3BF6-432B-9FCD-0C7CBFB7B1D6}.Debug|Any CPU.ActiveCfg = Debug|Any CPU
		{77F3F739-3BF6-432B-9FCD-0C7CBFB7B1D6}.Debug|Any CPU.Build.0 = Debug|Any CPU
		{77F3F739-3BF6-432B-9FCD-0C7CBFB7B1D6}.Release|Any CPU.ActiveCfg = Release|Any CPU
		{77F3F739-3BF6-432B-9FCD-0C7CBFB7B1D6}.Release|Any CPU.Build.0 = Release|Any CPU
		{A0D835AF-7483-49FB-8984-0E87FE09F201}.Debug|Any CPU.ActiveCfg = Debug|Any CPU
		{A0D835AF-7483-49FB-8984-0E87FE09F201}.Debug|Any CPU.Build.0 = Debug|Any CPU
		{A0D835AF-7483-49FB-8984-0E87FE09F201}.Release|Any CPU.ActiveCfg = Release|Any CPU
		{A0D835AF-7483-49FB-8984-0E87FE09F201}.Release|Any CPU.Build.0 = Release|Any CPU
		{0C759E92-2976-4ABA-BE2A-429FCC2D3206}.Debug|Any CPU.ActiveCfg = Debug|Any CPU
		{0C759E92-2976-4ABA-BE2A-429FCC2D3206}.Debug|Any CPU.Build.0 = Debug|Any CPU
		{0C759E92-2976-4ABA-BE2A-429FCC2D3206}.Release|Any CPU.ActiveCfg = Release|Any CPU
		{0C759E92-2976-4ABA-BE2A-429FCC2D3206}.Release|Any CPU.Build.0 = Release|Any CPU
	EndGlobalSection
	GlobalSection(SolutionProperties) = preSolution
		HideSolutionNode = FALSE
	EndGlobalSection
	GlobalSection(ExtensibilityGlobals) = postSolution
		SolutionGuid = {1F1B4F05-C4EE-45D3-B8EF-8C99FB0D9757}
	EndGlobalSection
EndGlobal
